
Microsoft Visual Studio Solution File, Format Version 12.00
# Visual Studio Version 16
VisualStudioVersion = 16.0.29509.3
MinimumVisualStudioVersion = 10.0.40219.1
Project("{FAE04EC0-301F-11D3-BF4B-00C04F79EFBC}") = "BitStreams", "BitStreams\BitStreams.csproj", "{F9A67E0F-CF50-4C0E-A085-E95289B287EE}"
EndProject
Project("{FAE04EC0-301F-11D3-BF4B-00C04F79EFBC}") = "BitStreams.Tests", "BitStreams.Tests\BitStreams.Tests.csproj", "{67654E52-42CE-443A-9492-B31E1B7E7286}"
EndProject
Global
	GlobalSection(SolutionConfigurationPlatforms) = preSolution
		Debug|Any CPU = Debug|Any CPU
		Release|Any CPU = Release|Any CPU
	EndGlobalSection
	GlobalSection(ProjectConfigurationPlatforms) = postSolution
		{F9A67E0F-CF50-4C0E-A085-E95289B287EE}.Debug|Any CPU.ActiveCfg = Debug|Any CPU
		{F9A67E0F-CF50-4C0E-A085-E95289B287EE}.Debug|Any CPU.Build.0 = Debug|Any CPU
		{F9A67E0F-CF50-4C0E-A085-E95289B287EE}.Release|Any CPU.ActiveCfg = Release|Any CPU
		{F9A67E0F-CF50-4C0E-A085-E95289B287EE}.Release|Any CPU.Build.0 = Release|Any CPU
		{67654E52-42CE-443A-9492-B31E1B7E7286}.Debug|Any CPU.ActiveCfg = Debug|Any CPU
		{67654E52-42CE-443A-9492-B31E1B7E7286}.Debug|Any CPU.Build.0 = Debug|Any CPU
		{67654E52-42CE-443A-9492-B31E1B7E7286}.Release|Any CPU.ActiveCfg = Release|Any CPU
		{67654E52-42CE-443A-9492-B31E1B7E7286}.Release|Any CPU.Build.0 = Release|Any CPU
	EndGlobalSection
	GlobalSection(SolutionProperties) = preSolution
		HideSolutionNode = FALSE
	EndGlobalSection
	GlobalSection(ExtensibilityGlobals) = postSolution
		SolutionGuid = {8DE067F7-560A-4AFA-8979-BB41658E8D64}
	EndGlobalSection
EndGlobal
